<?xml version="1.0" encoding="utf-8"?>
<Project ToolsVersion="4.0" xmlns="http://schemas.microsoft.com/developer/msbuild/2003">
  <ItemGroup>
    <Filter Include="Source Files">
      <UniqueIdentifier>{4FC737F1-C7A5-4376-A066-2A32D752A2FF}</UniqueIdentifier>
      <Extensions>cpp;c;cc;cxx;def;odl;idl;hpj;bat;asm;asmx</Extensions>
    </Filter>
    <Filter Include="Header Files">
      <UniqueIdentifier>{93995380-89BD-4b04-88EB-625FBE52EBFB}</UniqueIdentifier>
      <Extensions>h;hh;hpp;hxx;hm;inl;inc;xsd</Extensions>
    </Filter>
    <Filter Include="Resource Files">
      <UniqueIdentifier>{67DA6AB6-F800-4c08-8B7A-83BB121AAD01}</UniqueIdentifier>
      <Extensions>rc;ico;cur;bmp;dlg;rc2;rct;bin;rgs;gif;jpg;jpeg;jpe;resx;tiff;tif;png;wav;mfcribbon-ms</Extensions>
    </Filter>
    <Filter Include="Header Files\GameObjects">
      <UniqueIdentifier>{cca198d6-7693-4260-9e91-5505e8c66a38}</UniqueIdentifier>
    </Filter>
    <Filter Include="Source Files\GameObjects">
      <UniqueIdentifier>{b3c9ae23-1348-44dd-b20d-71fc7f4fd87f}</UniqueIdentifier>
    </Filter>
    <Filter Include="Header Files\Structs">
      <UniqueIdentifier>{e71e72fc-b011-479e-b4f7-063e0b0567d3}</UniqueIdentifier>
    </Filter>
    <Filter Include="Source Files\Structs">
      <UniqueIdentifier>{239c87a9-12bf-4fef-b1e8-19cd4a165b2d}</UniqueIdentifier>
    </Filter>
    <Filter Include="Source Files\GameObjects\Tank">
      <UniqueIdentifier>{9e78c104-0072-49ee-be3e-5acc49dbb33e}</UniqueIdentifier>
    </Filter>
    <Filter Include="Header Files\GameObjects\Tank">
      <UniqueIdentifier>{0530e0dd-c30a-401e-82b9-1cad26f60e03}</UniqueIdentifier>
    </Filter>
    <Filter Include="Header Files\Controllers">
      <UniqueIdentifier>{26870d80-ef97-43fd-8c10-4c13b05abb52}</UniqueIdentifier>
    </Filter>
    <Filter Include="Source Files\Controllers">
      <UniqueIdentifier>{2b269640-f2a2-4210-a62b-5c963ec7a8c2}</UniqueIdentifier>
    </Filter>
  </ItemGroup>
  <ItemGroup>
    <ClCompile Include="..\..\source\main.cpp">
      <Filter>Source Files</Filter>
    </ClCompile>
    <ClCompile Include="..\..\source\Menu.cpp">
      <Filter>Source Files</Filter>
    </ClCompile>
    <ClCompile Include="..\..\source\Util.cpp">
      <Filter>Source Files</Filter>
    </ClCompile>
    <ClCompile Include="..\..\source\Node.cpp">
      <Filter>Source Files\Structs</Filter>
    </ClCompile>
    <ClCompile Include="..\..\source\Tank.cpp">
      <Filter>Source Files\GameObjects\Tank</Filter>
    </ClCompile>
    <ClCompile Include="..\..\source\TankTurret.cpp">
      <Filter>Source Files\GameObjects\Tank</Filter>
    </ClCompile>
    <ClCompile Include="..\..\source\TankBullet.cpp">
      <Filter>Source Files\GameObjects\Tank</Filter>
    </ClCompile>
    <ClCompile Include="..\..\source\Sprite.cpp">
      <Filter>Source Files\Structs</Filter>
    </ClCompile>
    <ClCompile Include="..\..\source\LevelController.cpp">
      <Filter>Source Files\Controllers</Filter>
    </ClCompile>
    <ClCompile Include="..\..\source\GameController.cpp">
      <Filter>Source Files\Controllers</Filter>
    </ClCompile>
    <ClCompile Include="..\..\source\AnimationController.cpp">
      <Filter>Source Files\Controllers</Filter>
    </ClCompile>
    <ClCompile Include="..\..\source\SpawnController.cpp">
      <Filter>Source Files\Controllers</Filter>
    </ClCompile>
    <ClCompile Include="..\..\source\Obstacles.cpp">
      <Filter>Source Files\GameObjects</Filter>
    </ClCompile>
    <ClCompile Include="..\..\include\UIController.cpp">
      <Filter>Source Files\Controllers</Filter>
    </ClCompile>
    <ClCompile Include="..\..\include\Explosion.cpp">
      <Filter>Source Files</Filter>
    </ClCompile>
    <ClCompile Include="..\..\include\Powerups.cpp">
      <Filter>Source Files\GameObjects</Filter>
    </ClCompile>
  </ItemGroup>
  <ItemGroup>
    <ClInclude Include="..\..\include\GameStates.h">
      <Filter>Header Files</Filter>
    </ClInclude>
    <ClInclude Include="..\..\include\Menu.h">
      <Filter>Header Files</Filter>
    </ClInclude>
    <ClInclude Include="..\..\include\Util.h">
      <Filter>Header Files</Filter>
    </ClInclude>
    <ClInclude Include="..\..\include\Node.h">
      <Filter>Header Files\Structs</Filter>
    </ClInclude>
    <ClInclude Include="..\..\include\Tank.h">
      <Filter>Header Files\GameObjects\Tank</Filter>
    </ClInclude>
    <ClInclude Include="..\..\include\TankTurret.h">
      <Filter>Header Files\GameObjects\Tank</Filter>
    </ClInclude>
    <ClInclude Include="..\..\include\TankStates.h">
      <Filter>Header Files\GameObjects\Tank</Filter>
    </ClInclude>
    <ClInclude Include="..\..\include\TankBullet.h">
      <Filter>Header Files\GameObjects\Tank</Filter>
    </ClInclude>
    <ClInclude Include="..\..\include\Sprite.h">
      <Filter>Header Files\Structs</Filter>
    </ClInclude>
    <ClInclude Include="..\..\include\GameObjectTypes.h">
      <Filter>Header Files\GameObjects</Filter>
    </ClInclude>
    <ClInclude Include="..\..\include\GameController.h">
      <Filter>Header Files\Controllers</Filter>
    </ClInclude>
    <ClInclude Include="..\..\include\LevelController.h">
      <Filter>Header Files\Controllers</Filter>
    </ClInclude>
    <ClInclude Include="..\..\include\AnimationController.h">
      <Filter>Header Files\Controllers</Filter>
    </ClInclude>
    <ClInclude Include="..\..\include\SpawnController.h">
      <Filter>Header Files\Controllers</Filter>
    </ClInclude>
    <ClInclude Include="..\..\include\Obstacles.h">
      <Filter>Header Files\GameObjects</Filter>
    </ClInclude>
    <ClInclude Include="..\..\include\UIController.h">
      <Filter>Header Files\Controllers</Filter>
    </ClInclude>
    <ClInclude Include="..\..\include\Explosion.h">
      <Filter>Header Files\GameObjects</Filter>
    </ClInclude>
    <ClInclude Include="..\..\include\Powerups.h">
      <Filter>Header Files\GameObjects</Filter>
    </ClInclude>
  </ItemGroup>
  <ItemGroup>
    <None Include="ClassDiagram2.cd" />
    <None Include="ClassDiagram.cd" />
  </ItemGroup>
</Project>